
Microsoft Visual Studio Solution File, Format Version 12.00
# Visual Studio Version 16
VisualStudioVersion = 16.0.30611.23
MinimumVisualStudioVersion = 10.0.40219.1
Project("{FAE04EC0-301F-11D3-BF4B-00C04F79EFBC}") = "Hot Notepad", "Hot Notepad.csproj", "{012F7CD1-468B-42F9-B8FA-D22224A69383}"
EndProject
Global
	GlobalSection(SolutionConfigurationPlatforms) = preSolution
		Debug|Any CPU = Debug|Any CPU
		Release|Any CPU = Release|Any CPU
	EndGlobalSection
	GlobalSection(ProjectConfigurationPlatforms) = postSolution
		{012F7CD1-468B-42F9-B8FA-D22224A69383}.Debug|Any CPU.ActiveCfg = Debug|Any CPU
		{012F7CD1-468B-42F9-B8FA-D22224A69383}.Debug|Any CPU.Build.0 = Debug|Any CPU
		{012F7CD1-468B-42F9-B8FA-D22224A69383}.Release|Any CPU.ActiveCfg = Release|Any CPU
		{012F7CD1-468B-42F9-B8FA-D22224A69383}.Release|Any CPU.Build.0 = Release|Any CPU
	EndGlobalSection
	GlobalSection(SolutionProperties) = preSolution
		HideSolutionNode = FALSE
	EndGlobalSection
	GlobalSection(ExtensibilityGlobals) = postSolution
		SolutionGuid = {DAD9B66E-2914-4EA6-B529-81AEA76F3624}
	EndGlobalSection
EndGlobal
